// !$*UTF8*$!
{
	archiveVersion = 1;
	classes = {
	};
	objectVersion = 46;
	objects = {

/* Begin PBXBuildFile section */
		C71A1EE21C39931400997BCC /* AppDelegate.swift in Sources */ = {isa = PBXBuildFile; fileRef = C71A1EE11C39931400997BCC /* AppDelegate.swift */; };
		C71A1EE41C39931400997BCC /* ViewController.swift in Sources */ = {isa = PBXBuildFile; fileRef = C71A1EE31C39931400997BCC /* ViewController.swift */; };
		C71A1EE71C39931400997BCC /* Main.storyboard in Resources */ = {isa = PBXBuildFile; fileRef = C71A1EE51C39931400997BCC /* Main.storyboard */; };
		C71A1EE91C39931400997BCC /* Assets.xcassets in Resources */ = {isa = PBXBuildFile; fileRef = C71A1EE81C39931400997BCC /* Assets.xcassets */; };
		C71A1EEC1C39931400997BCC /* LaunchScreen.storyboard in Resources */ = {isa = PBXBuildFile; fileRef = C71A1EEA1C39931400997BCC /* LaunchScreen.storyboard */; };
		C71A1EF71C39931400997BCC /* FoodTrackerTests.swift in Sources */ = {isa = PBXBuildFile; fileRef = C71A1EF61C39931400997BCC /* FoodTrackerTests.swift */; };
		C75E31CC1C3AC3BC00E4222B /* RatingControl.swift in Sources */ = {isa = PBXBuildFile; fileRef = C75E31CB1C3AC3BC00E4222B /* RatingControl.swift */; };
/* End PBXBuildFile section */

/* Begin PBXContainerItemProxy section */
		C71A1EF31C39931400997BCC /* PBXContainerItemProxy */ = {
			isa = PBXContainerItemProxy;
			containerPortal = C71A1ED61C39931400997BCC /* Project object */;
			proxyType = 1;
			remoteGlobalIDString = C71A1EDD1C39931400997BCC;
			remoteInfo = FoodTracker;
		};
/* End PBXContainerItemProxy section */

/* Begin PBXFileReference section */
		C71A1EDE1C39931400997BCC /* FoodTracker.app */ = {isa = PBXFileReference; explicitFileType = wrapper.application; includeInIndex = 0; path = FoodTracker.app; sourceTree = BUILT_PRODUCTS_DIR; };
		C71A1EE11C39931400997BCC /* AppDelegate.swift */ = {isa = PBXFileReference; lastKnownFileType = sourcecode.swift; path = AppDelegate.swift; sourceTree = "<group>"; };
		C71A1EE31C39931400997BCC /* ViewController.swift */ = {isa = PBXFileReference; lastKnownFileType = sourcecode.swift; path = ViewController.swift; sourceTree = "<group>"; };
		C71A1EE61C39931400997BCC /* Base */ = {isa = PBXFileReference; lastKnownFileType = file.storyboard; name = Base; path = Base.lproj/Main.storyboard; sourceTree = "<group>"; };
		C71A1EE81C39931400997BCC /* Assets.xcassets */ = {isa = PBXFileReference; lastKnownFileType = folder.assetcatalog; path = Assets.xcassets; sourceTree = "<group>"; };
		C71A1EEB1C39931400997BCC /* Base */ = {isa = PBXFileReference; lastKnownFileType = file.storyboard; name = Base; path = Base.lproj/LaunchScreen.storyboard; sourceTree = "<group>"; };
		C71A1EED1C39931400997BCC /* Info.plist */ = {isa = PBXFileReference; lastKnownFileType = text.plist.xml; path = Info.plist; sourceTree = "<group>"; };
		C71A1EF21C39931400997BCC /* FoodTrackerTests.xctest */ = {isa = PBXFileReference; explicitFileType = wrapper.cfbundle; includeInIndex = 0; path = FoodTrackerTests.xctest; sourceTree = BUILT_PRODUCTS_DIR; };
		C71A1EF61C39931400997BCC /* FoodTrackerTests.swift */ = {isa = PBXFileReference; lastKnownFileType = sourcecode.swift; path = FoodTrackerTests.swift; sourceTree = "<group>"; };
		C71A1EF81C39931400997BCC /* Info.plist */ = {isa = PBXFileReference; lastKnownFileType = text.plist.xml; path = Info.plist; sourceTree = "<group>"; };
		C75E31CB1C3AC3BC00E4222B /* RatingControl.swift */ = {isa = PBXFileReference; fileEncoding = 4; lastKnownFileType = sourcecode.swift; path = RatingControl.swift; sourceTree = "<group>"; };
/* End PBXFileReference section */

/* Begin PBXFrameworksBuildPhase section */
		C71A1EDB1C39931400997BCC /* Frameworks */ = {
			isa = PBXFrameworksBuildPhase;
			buildActionMask = 2147483647;
			files = (
			);
			runOnlyForDeploymentPostprocessing = 0;
		};
		C71A1EEF1C39931400997BCC /* Frameworks */ = {
			isa = PBXFrameworksBuildPhase;
			buildActionMask = 2147483647;
			files = (
			);
			runOnlyForDeploymentPostprocessing = 0;
		};
/* End PBXFrameworksBuildPhase section */

/* Begin PBXGroup section */
		C71A1ED51C39931400997BCC = {
			isa = PBXGroup;
			children = (
				C71A1EE01C39931400997BCC /* FoodTracker */,
				C71A1EF51C39931400997BCC /* FoodTrackerTests */,
				C71A1EDF1C39931400997BCC /* Products */,
			);
			sourceTree = "<group>";
		};
		C71A1EDF1C39931400997BCC /* Products */ = {
			isa = PBXGroup;
			children = (
				C71A1EDE1C39931400997BCC /* FoodTracker.app */,
				C71A1EF21C39931400997BCC /* FoodTrackerTests.xctest */,
			);
			name = Products;
			sourceTree = "<group>";
		};
		C71A1EE01C39931400997BCC /* FoodTracker */ = {
			isa = PBXGroup;
			children = (
				C71A1EE11C39931400997BCC /* AppDelegate.swift */,
				C71A1EE31C39931400997BCC /* ViewController.swift */,
				C71A1EE51C39931400997BCC /* Main.storyboard */,
				C75E31CB1C3AC3BC00E4222B /* RatingControl.swift */,
				C71A1EE81C39931400997BCC /* Assets.xcassets */,
				C71A1EEA1C39931400997BCC /* LaunchScreen.storyboard */,
				C71A1EED1C39931400997BCC /* Info.plist */,
			);
			path = FoodTracker;
			sourceTree = "<group>";
		};
		C71A1EF51C39931400997BCC /* FoodTrackerTests */ = {
			isa = PBXGroup;
			children = (
				C71A1EF61C39931400997BCC /* FoodTrackerTests.swift */,
				C71A1EF81C39931400997BCC /* Info.plist */,
			);
			path = FoodTrackerTests;
			sourceTree = "<group>";
		};
/* End PBXGroup section */

/* Begin PBXNativeTarget section */
		C71A1EDD1C39931400997BCC /* FoodTracker */ = {
			isa = PBXNativeTarget;
			buildConfigurationList = C71A1EFB1C39931400997BCC /* Build configuration list for PBXNativeTarget "FoodTracker" */;
			buildPhases = (
				C71A1EDA1C39931400997BCC /* Sources */,
				C71A1EDB1C39931400997BCC /* Frameworks */,
				C71A1EDC1C39931400997BCC /* Resources */,
			);
			buildRules = (
			);
			dependencies = (
			);
			name = FoodTracker;
			productName = FoodTracker;
			productReference = C71A1EDE1C39931400997BCC /* FoodTracker.app */;
			productType = "com.apple.product-type.application";
		};
		C71A1EF11C39931400997BCC /* FoodTrackerTests */ = {
			isa = PBXNativeTarget;
			buildConfigurationList = C71A1EFE1C39931400997BCC /* Build configuration list for PBXNativeTarget "FoodTrackerTests" */;
			buildPhases = (
				C71A1EEE1C39931400997BCC /* Sources */,
				C71A1EEF1C39931400997BCC /* Frameworks */,
				C71A1EF01C39931400997BCC /* Resources */,
			);
			buildRules = (
			);
			dependencies = (
				C71A1EF41C39931400997BCC /* PBXTargetDependency */,
			);
			name = FoodTrackerTests;
			productName = FoodTrackerTests;
			productReference = C71A1EF21C39931400997BCC /* FoodTrackerTests.xctest */;
			productType = "com.apple.product-type.bundle.unit-test";
		};
/* End PBXNativeTarget section */

/* Begin PBXProject section */
		C71A1ED61C39931400997BCC /* Project object */ = {
			isa = PBXProject;
			attributes = {
				LastSwiftUpdateCheck = 0720;
				LastUpgradeCheck = 0720;
				ORGANIZATIONNAME = "Kristof Van Cauwenbergh";
				TargetAttributes = {
					C71A1EDD1C39931400997BCC = {
						CreatedOnToolsVersion = 7.2;
					};
					C71A1EF11C39931400997BCC = {
						CreatedOnToolsVersion = 7.2;
						TestTargetID = C71A1EDD1C39931400997BCC;
					};
				};
			};
			buildConfigurationList = C71A1ED91C39931400997BCC /* Build configuration list for PBXProject "FoodTracker" */;
			compatibilityVersion = "Xcode 3.2";
			developmentRegion = English;
			hasScannedForEncodings = 0;
			knownRegions = (
				en,
				Base,
			);
			mainGroup = C71A1ED51C39931400997BCC;
			productRefGroup = C71A1EDF1C39931400997BCC /* Products */;
			projectDirPath = "";
			projectRoot = "";
			targets = (
				C71A1EDD1C39931400997BCC /* FoodTracker */,
				C71A1EF11C39931400997BCC /* FoodTrackerTests */,
			);
		};
/* End PBXProject section */

/* Begin PBXResourcesBuildPhase section */
		C71A1EDC1C39931400997BCC /* Resources */ = {
			isa = PBXResourcesBuildPhase;
			buildActionMask = 2147483647;
			files = (
				C71A1EEC1C39931400997BCC /* LaunchScreen.storyboard in Resources */,
				C71A1EE91C39931400997BCC /* Assets.xcassets in Resources */,
				C71A1EE71C39931400997BCC /* Main.storyboard in Resources */,
			);
			runOnlyForDeploymentPostprocessing = 0;
		};
		C71A1EF01C39931400997BCC /* Resources */ = {
			isa = PBXResourcesBuildPhase;
			buildActionMask = 2147483647;
			files = (
			);
			runOnlyForDeploymentPostprocessing = 0;
		};
/* End PBXResourcesBuildPhase section */

/* Begin PBXSourcesBuildPhase section */
		C71A1EDA1C39931400997BCC /* Sources */ = {
			isa = PBXSourcesBuildPhase;
			buildActionMask = 2147483647;
			files = (
				C71A1EE41C39931400997BCC /* ViewController.swift in Sources */,
				C75E31CC1C3AC3BC00E4222B /* RatingControl.swift in Sources */,
				C71A1EE21C39931400997BCC /* AppDelegate.swift in Sources */,
			);
			runOnlyForDeploymentPostprocessing = 0;
		};
		C71A1EEE1C39931400997BCC /* Sources */ = {
			isa = PBXSourcesBuildPhase;
			buildActionMask = 2147483647;
			files = (
				C71A1EF71C39931400997BCC /* FoodTrackerTests.swift in Sources */,
			);
			runOnlyForDeploymentPostprocessing = 0;
		};
/* End PBXSourcesBuildPhase section */

/* Begin PBXTargetDependency section */
		C71A1EF41C39931400997BCC /* PBXTargetDependency */ = {
			isa = PBXTargetDependency;
			target = C71A1EDD1C39931400997BCC /* FoodTracker */;
			targetProxy = C71A1EF31C39931400997BCC /* PBXContainerItemProxy */;
		};
/* End PBXTargetDependency section */

/* Begin PBXVariantGroup section */
		C71A1EE51C39931400997BCC /* Main.storyboard */ = {
			isa = PBXVariantGroup;
			children = (
				C71A1EE61C39931400997BCC /* Base */,
			);
			name = Main.storyboard;
			sourceTree = "<group>";
		};
		C71A1EEA1C39931400997BCC /* LaunchScreen.storyboard */ = {
			isa = PBXVariantGroup;
			children = (
				C71A1EEB1C39931400997BCC /* Base */,
			);
			name = LaunchScreen.storyboard;
			sourceTree = "<group>";
		};
/* End PBXVariantGroup section */

/* Begin XCBuildConfiguration section */
		C71A1EF91C39931400997BCC /* Debug */ = {
			isa = XCBuildConfiguration;
			buildSettings = {
				ALWAYS_SEARCH_USER_PATHS = NO;
				CLANG_CXX_LANGUAGE_STANDARD = "gnu++0x";
				CLANG_CXX_LIBRARY = "libc++";
				CLANG_ENABLE_MODULES = YES;
				CLANG_ENABLE_OBJC_ARC = YES;
				CLANG_WARN_BOOL_CONVERSION = YES;
				CLANG_WARN_CONSTANT_CONVERSION = YES;
				CLANG_WARN_DIRECT_OBJC_ISA_USAGE = YES_ERROR;
				CLANG_WARN_EMPTY_BODY = YES;
				CLANG_WARN_ENUM_CONVERSION = YES;
				CLANG_WARN_INT_CONVERSION = YES;
				CLANG_WARN_OBJC_ROOT_CLASS = YES_ERROR;
				CLANG_WARN_UNREACHABLE_CODE = YES;
				CLANG_WARN__DUPLICATE_METHOD_MATCH = YES;
				"CODE_SIGN_IDENTITY[sdk=iphoneos*]" = "iPhone Developer";
				COPY_PHASE_STRIP = NO;
				DEBUG_INFORMATION_FORMAT = dwarf;
				ENABLE_STRICT_OBJC_MSGSEND = YES;
				ENABLE_TESTABILITY = YES;
				GCC_C_LANGUAGE_STANDARD = gnu99;
				GCC_DYNAMIC_NO_PIC = NO;
				GCC_NO_COMMON_BLOCKS = YES;
				GCC_OPTIMIZATION_LEVEL = 0;
				GCC_PREPROCESSOR_DEFINITIONS = (
					"DEBUG=1",
					"$(inherited)",
				);
				GCC_WARN_64_TO_32_BIT_CONVERSION = YES;
				GCC_WARN_ABOUT_RETURN_TYPE = YES_ERROR;
				GCC_WARN_UNDECLARED_SELECTOR = YES;
				GCC_WARN_UNINITIALIZED_AUTOS = YES_AGGRESSIVE;
				GCC_WARN_UNUSED_FUNCTION = YES;
				GCC_WARN_UNUSED_VARIABLE = YES;
				IPHONEOS_DEPLOYMENT_TARGET = 9.2;
				MTL_ENABLE_DEBUG_INFO = YES;
				ONLY_ACTIVE_ARCH = YES;
				SDKROOT = iphoneos;
				SWIFT_OPTIMIZATION_LEVEL = "-Onone";
				TARGETED_DEVICE_FAMILY = "1,2";
			};
			name = Debug;
		};
		C71A1EFA1C39931400997BCC /* Release */ = {
			isa = XCBuildConfiguration;
			buildSettings = {
				ALWAYS_SEARCH_USER_PATHS = NO;
				CLANG_CXX_LANGUAGE_STANDARD = "gnu++0x";
				CLANG_CXX_LIBRARY = "libc++";
				CLANG_ENABLE_MODULES = YES;
				CLANG_ENABLE_OBJC_ARC = YES;
				CLANG_WARN_BOOL_CONVERSION = YES;
				CLANG_WARN_CONSTANT_CONVERSION = YES;
				CLANG_WARN_DIRECT_OBJC_ISA_USAGE = YES_ERROR;
				CLANG_WARN_EMPTY_BODY = YES;
				CLANG_WARN_ENUM_CONVERSION = YES;
				CLANG_WARN_INT_CONVERSION = YES;
				CLANG_WARN_OBJC_ROOT_CLASS = YES_ERROR;
				CLANG_WARN_UNREACHABLE_CODE = YES;
				CLANG_WARN__DUPLICATE_METHOD_MATCH = YES;
				"CODE_SIGN_IDENTITY[sdk=iphoneos*]" = "iPhone Developer";
				COPY_PHASE_STRIP = NO;
				DEBUG_INFORMATION_FORMAT = "dwarf-with-dsym";
				ENABLE_NS_ASSERTIONS = NO;
				ENABLE_STRICT_OBJC_MSGSEND = YES;
				GCC_C_LANGUAGE_STANDARD = gnu99;
				GCC_NO_COMMON_BLOCKS = YES;
				GCC_WARN_64_TO_32_BIT_CONVERSION = YES;
				GCC_WARN_ABOUT_RETURN_TYPE = YES_ERROR;
				GCC_WARN_UNDECLARED_SELECTOR = YES;
				GCC_WARN_UNINITIALIZED_AUTOS = YES_AGGRESSIVE;
				GCC_WARN_UNUSED_FUNCTION = YES;
				GCC_WARN_UNUSED_VARIABLE = YES;
				IPHONEOS_DEPLOYMENT_TARGET = 9.2;
				MTL_ENABLE_DEBUG_INFO = NO;
				SDKROOT = iphoneos;
				TARGETED_DEVICE_FAMILY = "1,2";
				VALIDATE_PRODUCT = YES;
			};
			name = Release;
		};
		C71A1EFC1C39931400997BCC /* Debug */ = {
			isa = XCBuildConfiguration;
			buildSettings = {
				ASSETCATALOG_COMPILER_APPICON_NAME = AppIcon;
				INFOPLIST_FILE = FoodTracker/Info.plist;
				LD_RUNPATH_SEARCH_PATHS = "$(inherited) @executable_path/Frameworks";
				PRODUCT_BUNDLE_IDENTIFIER = be.kristofvc.FoodTracker;
				PRODUCT_NAME = "$(TARGET_NAME)";
			};
			name = Debug;
		};
		C71A1EFD1C39931400997BCC /* Release */ = {
			isa = XCBuildConfiguration;
			buildSettings = {
				ASSETCATALOG_COMPILER_APPICON_NAME = AppIcon;
				INFOPLIST_FILE = FoodTracker/Info.plist;
				LD_RUNPATH_SEARCH_PATHS = "$(inherited) @executable_path/Frameworks";
				PRODUCT_BUNDLE_IDENTIFIER = be.kristofvc.FoodTracker;
				PRODUCT_NAME = "$(TARGET_NAME)";
			};
			name = Release;
		};
		C71A1EFF1C39931400997BCC /* Debug */ = {
			isa = XCBuildConfiguration;
			buildSettings = {
				BUNDLE_LOADER = "$(TEST_HOST)";
				INFOPLIST_FILE = FoodTrackerTests/Info.plist;
				LD_RUNPATH_SEARCH_PATHS = "$(inherited) @executable_path/Frameworks @loader_path/Frameworks";
				PRODUCT_BUNDLE_IDENTIFIER = be.kristofvc.FoodTrackerTests;
				PRODUCT_NAME = "$(TARGET_NAME)";
				TEST_HOST = "$(BUILT_PRODUCTS_DIR)/FoodTracker.app/FoodTracker";
			};
			name = Debug;
		};
		C71A1F001C39931400997BCC /* Release */ = {
			isa = XCBuildConfiguration;
			buildSettings = {
				BUNDLE_LOADER = "$(TEST_HOST)";
				INFOPLIST_FILE = FoodTrackerTests/Info.plist;
				LD_RUNPATH_SEARCH_PATHS = "$(inherited) @executable_path/Frameworks @loader_path/Frameworks";
				PRODUCT_BUNDLE_IDENTIFIER = be.kristofvc.FoodTrackerTests;
				PRODUCT_NAME = "$(TARGET_NAME)";
				TEST_HOST = "$(BUILT_PRODUCTS_DIR)/FoodTracker.app/FoodTracker";
			};
			name = Release;
		};
/* End XCBuildConfiguration section */

/* Begin XCConfigurationList section */
		C71A1ED91C39931400997BCC /* Build configuration list for PBXProject "FoodTracker" */ = {
			isa = XCConfigurationList;
			buildConfigurations = (
				C71A1EF91C39931400997BCC /* Debug */,
				C71A1EFA1C39931400997BCC /* Release */,
			);
			defaultConfigurationIsVisible = 0;
			defaultConfigurationName = Release;
		};
		C71A1EFB1C39931400997BCC /* Build configuration list for PBXNativeTarget "FoodTracker" */ = {
			isa = XCConfigurationList;
			buildConfigurations = (
				C71A1EFC1C39931400997BCC /* Debug */,
				C71A1EFD1C39931400997BCC /* Release */,
			);
			defaultConfigurationIsVisible = 0;
			defaultConfigurationName = Release;
		};
		C71A1EFE1C39931400997BCC /* Build configuration list for PBXNativeTarget "FoodTrackerTests" */ = {
			isa = XCConfigurationList;
			buildConfigurations = (
				C71A1EFF1C39931400997BCC /* Debug */,
				C71A1F001C39931400997BCC /* Release */,
			);
			defaultConfigurationIsVisible = 0;
			defaultConfigurationName = Release;
		};
/* End XCConfigurationList section */
	};
	rootObject = C71A1ED61C39931400997BCC /* Project object */;
}
